{
  "meteor": {},
  "dependencies": {
    "basePackages": {
      "spin": {},
      "highcharts": {},
      "roles": {},
      "x-editable-bootstrap3": {},
      "iron-router": {
        "git": "https://github.com/wsoul/iron-router.git",
        "branch": "master"
      },
      "videojs": {},
      "parsleyjs": {},
      "font-awesome-4": {},
      "bootstrap3-less": {},
      "autoform": {},
      "collection2": {},
      "accounts-ui-bootstrap-3": {},
      "collection-hooks": {
        "git": "https://github.com/wsoul/meteor-collection-hooks.git",
        "branch": "master"
      },
      "collection-behaviours": {
        "git": "https://github.com/wsoul/meteor-collection-behaviours.git",
        "branch": "master"
      },
      "jquery-ui": {}
    },
    "packages": {
      "spin": {
        "git": "https://github.com/SachaG/meteor-spin.git",
        "tag": "v0.2.0",
        "commit": "fd3a2871a69442848b4b4e74f5e1ae28fa4a95a4"
      },
      "highcharts": {
        "git": "https://github.com/mikeschaekermann/meteor-highcharts.git",
        "tag": "v0.1.0",
        "commit": "eca115ee55e1cc083e389171717760dbaa727534"
      },
      "roles": {
        "git": "https://github.com/alanning/meteor-roles.git",
        "tag": "v1.0.6",
        "commit": "f81cbf7c765a4ed7e16a580c288db6f10a90856b"
      },
      "x-editable-bootstrap3": {
        "git": "https://github.com/JustinSGray/meteor-x-editable-bootstrap.git",
        "tag": "v1.5.1",
        "commit": "33eeb067df8e68f2db0c66dabc4ae9de2bdd5906"
      },
      "iron-router": {
        "git": "https://github.com/wsoul/iron-router.git",
        "branch": "master",
        "commit": "a34ce92ff1ece98e2ec9416b8490c8f9ef3334c0"
      },
      "videojs": {
        "git": "https://github.com/nate-strauser/meteor-video-js.git",
        "tag": "v4.1.2",
        "commit": "26b85c5c75d456556bf1a1c5f00264a834813e73"
      },
      "parsleyjs": {
        "git": "https://github.com/nate-strauser/meteor-parsleyjs.git",
        "tag": "v1.1.7",
        "commit": "035a1e56a78e50369686b7e281aa71e3daf3729a"
      },
      "font-awesome-4": {
        "git": "https://github.com/michaelbishop/meteor-font-awesome-4.git",
        "tag": "v4.0.0",
        "commit": "c28b5a0f2a2bd233c495642b40a167eda95172f5"
      },
      "bootstrap3-less": {
        "git": "https://github.com/eprochasson/bootstrap3-less",
        "tag": "v0.1.5",
        "commit": "5074432c020ffc7a676a812e92104ce0fa96080f"
      },
      "autoform": {
        "git": "https://github.com/aldeed/meteor-autoform.git",
        "tag": "v0.4.2",
        "commit": "3061c1a9a149ebb0e889c0ecc06a0fedaa583c74"
      },
      "collection2": {
        "git": "https://github.com/aldeed/meteor-collection2.git",
        "tag": "v0.2.15",
        "commit": "0fe469aa0c01eda0563c8802e17914307960de79"
      },
      "accounts-ui-bootstrap-3": {
        "git": "https://github.com/mangasocial/meteor-accounts-ui-bootstrap-3.git",
        "tag": "v0.2.4",
        "commit": "cdbd20eb065310c0cc302bbd5f22e5b2121c769a"
      },
      "collection-hooks": {
        "git": "https://github.com/wsoul/meteor-collection-hooks.git",
        "branch": "master",
        "commit": "a08fb521230b4bf596daf134ab465dbe96a5974b"
      },
      "collection-behaviours": {
        "git": "https://github.com/wsoul/meteor-collection-behaviours.git",
        "branch": "master",
        "commit": "2c8296962e2cdb4ef1bf8e95127cf8b6b007d48e"
      },
      "jquery-ui": {
        "git": "https://github.com/TimHeckel/meteor-jquery-ui.git",
        "tag": "v1.9.2",
        "commit": "c437d45edcf1367df8d5ffa8bad2867758030bd2"
      },
      "simple-schema": {
        "git": "https://github.com/aldeed/meteor-simple-schema.git",
        "tag": "v0.2.21",
        "commit": "13086f01dcbd0168a89dee387de9b639872b769e"
      },
      "moment": {
        "git": "https://github.com/acreeger/meteor-moment.git",
        "tag": "v2.2.1",
        "commit": "9ee12e714afe56b189f53076447b7b54f3012065"
      }
    }
  }
}
