{
  "meteor": {},
  "dependencies": {
    "basePackages": {
      "spin": {},
      "iron-router": {},
      "reaction-core": {
        "git": "https://github.com/ongoworks/reaction-core.git",
        "branch": "master"
      }
    },
    "packages": {
      "spin": {
        "git": "https://github.com/SachaG/meteor-spin.git",
        "tag": "v2.0.4",
        "commit": "f7b1e12a7caff1283cdb3671a393c182d0ae9862"
      },
      "iron-router": {
        "git": "https://github.com/EventedMind/iron-router.git",
        "tag": "v0.8.2",
        "commit": "05415a8891ea87a00fb1e2388585f2ca5a38e0da"
      },
      "reaction-core": {
        "git": "https://github.com/ongoworks/reaction-core.git",
        "branch": "master",
        "commit": "385695703f8314c43477f615ad4083190dbe7921"
      },
      "iron-layout": {
        "git": "https://github.com/EventedMind/iron-layout.git",
        "tag": "v0.2.0",
        "commit": "4a2d53e35ba036b0c189c7ceca34be494d4c6c97"
      },
      "blaze-layout": {
        "git": "https://github.com/EventedMind/blaze-layout.git",
        "tag": "v0.2.5",
        "commit": "273e3ab7d005d91a1a59c71bd224533b4dae2fbd"
      },
      "iron-core": {
        "git": "https://github.com/EventedMind/iron-core.git",
        "tag": "v0.2.0",
        "commit": "0e48b5dc50d03f01025b7b900fb5ce2f13d52cad"
      },
      "iron-dynamic-template": {
        "git": "https://github.com/EventedMind/iron-dynamic-template.git",
        "tag": "v0.2.1",
        "commit": "4dd1185c4d9d616c9abdb3f33e4a7d5a88db7e18"
      }
    }
  }
}
