{
  "dependencies": {
    "combined-stream": {
      "version": "0.0.4",
      "resolved": "https://registry.npmjs.org/combined-stream/-/combined-stream-0.0.4.tgz",
      "from": "combined-stream@0.0.4"
    },
    "delayed-stream": {
      "version": "0.0.5",
      "resolved": "https://registry.npmjs.org/delayed-stream/-/delayed-stream-0.0.5.tgz",
      "from": "delayed-stream@0.0.5"
    }
  }
}
