{
  "dependencies": {
    "i18next": {
      "version": "2.2.0"
    },
    "i18next-browser-languagedetector": {
      "version": "0.0.14"
    },
    "i18next-localstorage-cache": {
      "version": "0.0.4"
    },
    "i18next-sprintf-postprocessor": {
      "version": "0.0.6",
      "dependencies": {
        "sprintf-js": {
          "version": "1.0.3"
        }
      }
    },
    "jquery-i18next": {
      "version": "0.0.14"
    }
  }
}
