{
  "dependencies": {
    "bunyan": {
      "version": "1.8.0",
      "resolved": "https://registry.npmjs.org/bunyan/-/bunyan-1.8.0.tgz",
      "from": "https://registry.npmjs.org/bunyan/-/bunyan-1.8.0.tgz",
      "dependencies": {
        "dtrace-provider": {
          "version": "0.6.0",
          "resolved": "https://registry.npmjs.org/dtrace-provider/-/dtrace-provider-0.6.0.tgz",
          "from": "https://registry.npmjs.org/dtrace-provider/-/dtrace-provider-0.6.0.tgz",
          "dependencies": {
            "nan": {
              "version": "2.2.1",
              "resolved": "https://registry.npmjs.org/nan/-/nan-2.2.1.tgz",
              "from": "https://registry.npmjs.org/nan/-/nan-2.2.1.tgz"
            }
          }
        },
        "moment": {
          "version": "2.12.0",
          "resolved": "https://registry.npmjs.org/moment/-/moment-2.12.0.tgz",
          "from": "https://registry.npmjs.org/moment/-/moment-2.12.0.tgz"
        },
        "mv": {
          "version": "2.1.1",
          "resolved": "https://registry.npmjs.org/mv/-/mv-2.1.1.tgz",
          "from": "https://registry.npmjs.org/mv/-/mv-2.1.1.tgz",
          "dependencies": {
            "mkdirp": {
              "version": "0.5.1",
              "resolved": "https://registry.npmjs.org/mkdirp/-/mkdirp-0.5.1.tgz",
              "from": "https://registry.npmjs.org/mkdirp/-/mkdirp-0.5.1.tgz",
              "dependencies": {
                "minimist": {
                  "version": "0.0.8",
                  "resolved": "https://registry.npmjs.org/minimist/-/minimist-0.0.8.tgz",
                  "from": "https://registry.npmjs.org/minimist/-/minimist-0.0.8.tgz"
                }
              }
            },
            "ncp": {
              "version": "2.0.0",
              "resolved": "https://registry.npmjs.org/ncp/-/ncp-2.0.0.tgz",
              "from": "https://registry.npmjs.org/ncp/-/ncp-2.0.0.tgz"
            },
            "rimraf": {
              "version": "2.4.5",
              "resolved": "https://registry.npmjs.org/rimraf/-/rimraf-2.4.5.tgz",
              "from": "https://registry.npmjs.org/rimraf/-/rimraf-2.4.5.tgz",
              "dependencies": {
                "glob": {
                  "version": "6.0.4",
                  "resolved": "https://registry.npmjs.org/glob/-/glob-6.0.4.tgz",
                  "from": "https://registry.npmjs.org/glob/-/glob-6.0.4.tgz",
                  "dependencies": {
                    "inflight": {
                      "version": "1.0.4",
                      "resolved": "https://registry.npmjs.org/inflight/-/inflight-1.0.4.tgz",
                      "from": "https://registry.npmjs.org/inflight/-/inflight-1.0.4.tgz",
                      "dependencies": {
                        "wrappy": {
                          "version": "1.0.1",
                          "resolved": "https://registry.npmjs.org/wrappy/-/wrappy-1.0.1.tgz",
                          "from": "https://registry.npmjs.org/wrappy/-/wrappy-1.0.1.tgz"
                        }
                      }
                    },
                    "inherits": {
                      "version": "2.0.1",
                      "resolved": "https://registry.npmjs.org/inherits/-/inherits-2.0.1.tgz",
                      "from": "https://registry.npmjs.org/inherits/-/inherits-2.0.1.tgz"
                    },
                    "minimatch": {
                      "version": "3.0.0",
                      "resolved": "https://registry.npmjs.org/minimatch/-/minimatch-3.0.0.tgz",
                      "from": "https://registry.npmjs.org/minimatch/-/minimatch-3.0.0.tgz",
                      "dependencies": {
                        "brace-expansion": {
                          "version": "1.1.3",
                          "resolved": "https://registry.npmjs.org/brace-expansion/-/brace-expansion-1.1.3.tgz",
                          "from": "https://registry.npmjs.org/brace-expansion/-/brace-expansion-1.1.3.tgz",
                          "dependencies": {
                            "balanced-match": {
                              "version": "0.3.0",
                              "resolved": "https://registry.npmjs.org/balanced-match/-/balanced-match-0.3.0.tgz",
                              "from": "https://registry.npmjs.org/balanced-match/-/balanced-match-0.3.0.tgz"
                            },
                            "concat-map": {
                              "version": "0.0.1",
                              "resolved": "https://registry.npmjs.org/concat-map/-/concat-map-0.0.1.tgz",
                              "from": "https://registry.npmjs.org/concat-map/-/concat-map-0.0.1.tgz"
                            }
                          }
                        }
                      }
                    },
                    "once": {
                      "version": "1.3.3",
                      "resolved": "https://registry.npmjs.org/once/-/once-1.3.3.tgz",
                      "from": "https://registry.npmjs.org/once/-/once-1.3.3.tgz",
                      "dependencies": {
                        "wrappy": {
                          "version": "1.0.1",
                          "resolved": "https://registry.npmjs.org/wrappy/-/wrappy-1.0.1.tgz",
                          "from": "https://registry.npmjs.org/wrappy/-/wrappy-1.0.1.tgz"
                        }
                      }
                    },
                    "path-is-absolute": {
                      "version": "1.0.0",
                      "resolved": "https://registry.npmjs.org/path-is-absolute/-/path-is-absolute-1.0.0.tgz",
                      "from": "https://registry.npmjs.org/path-is-absolute/-/path-is-absolute-1.0.0.tgz"
                    }
                  }
                }
              }
            }
          }
        },
        "safe-json-stringify": {
          "version": "1.0.3",
          "resolved": "https://registry.npmjs.org/safe-json-stringify/-/safe-json-stringify-1.0.3.tgz",
          "from": "https://registry.npmjs.org/safe-json-stringify/-/safe-json-stringify-1.0.3.tgz"
        }
      }
    },
    "bunyan-format": {
      "version": "0.2.1",
      "resolved": "https://registry.npmjs.org/bunyan-format/-/bunyan-format-0.2.1.tgz",
      "from": "https://registry.npmjs.org/bunyan-format/-/bunyan-format-0.2.1.tgz",
      "dependencies": {
        "ansicolors": {
          "version": "0.2.1",
          "resolved": "https://registry.npmjs.org/ansicolors/-/ansicolors-0.2.1.tgz",
          "from": "https://registry.npmjs.org/ansicolors/-/ansicolors-0.2.1.tgz"
        },
        "ansistyles": {
          "version": "0.1.3",
          "resolved": "https://registry.npmjs.org/ansistyles/-/ansistyles-0.1.3.tgz",
          "from": "https://registry.npmjs.org/ansistyles/-/ansistyles-0.1.3.tgz"
        },
        "xtend": {
          "version": "2.1.2",
          "resolved": "https://registry.npmjs.org/xtend/-/xtend-2.1.2.tgz",
          "from": "https://registry.npmjs.org/xtend/-/xtend-2.1.2.tgz",
          "dependencies": {
            "object-keys": {
              "version": "0.4.0",
              "resolved": "https://registry.npmjs.org/object-keys/-/object-keys-0.4.0.tgz",
              "from": "https://registry.npmjs.org/object-keys/-/object-keys-0.4.0.tgz"
            }
          }
        }
      }
    },
    "bunyan-loggly": {
      "version": "0.0.5",
      "resolved": "https://registry.npmjs.org/bunyan-loggly/-/bunyan-loggly-0.0.5.tgz",
      "from": "https://registry.npmjs.org/bunyan-loggly/-/bunyan-loggly-0.0.5.tgz",
      "dependencies": {
        "loggly": {
          "version": "1.0.9",
          "resolved": "https://registry.npmjs.org/loggly/-/loggly-1.0.9.tgz",
          "from": "https://registry.npmjs.org/loggly/-/loggly-1.0.9.tgz",
          "dependencies": {
            "json-stringify-safe": {
              "version": "5.0.1",
              "resolved": "https://registry.npmjs.org/json-stringify-safe/-/json-stringify-safe-5.0.1.tgz",
              "from": "https://registry.npmjs.org/json-stringify-safe/-/json-stringify-safe-5.0.1.tgz"
            },
            "request": {
              "version": "2.67.0",
              "resolved": "https://registry.npmjs.org/request/-/request-2.67.0.tgz",
              "from": "https://registry.npmjs.org/request/-/request-2.67.0.tgz",
              "dependencies": {
                "aws-sign2": {
                  "version": "0.6.0",
                  "resolved": "https://registry.npmjs.org/aws-sign2/-/aws-sign2-0.6.0.tgz",
                  "from": "https://registry.npmjs.org/aws-sign2/-/aws-sign2-0.6.0.tgz"
                },
                "bl": {
                  "version": "1.0.3",
                  "resolved": "https://registry.npmjs.org/bl/-/bl-1.0.3.tgz",
                  "from": "https://registry.npmjs.org/bl/-/bl-1.0.3.tgz",
                  "dependencies": {
                    "readable-stream": {
                      "version": "2.0.6",
                      "resolved": "https://registry.npmjs.org/readable-stream/-/readable-stream-2.0.6.tgz",
                      "from": "https://registry.npmjs.org/readable-stream/-/readable-stream-2.0.6.tgz",
                      "dependencies": {
                        "core-util-is": {
                          "version": "1.0.2",
                          "resolved": "https://registry.npmjs.org/core-util-is/-/core-util-is-1.0.2.tgz",
                          "from": "https://registry.npmjs.org/core-util-is/-/core-util-is-1.0.2.tgz"
                        },
                        "inherits": {
                          "version": "2.0.1",
                          "resolved": "https://registry.npmjs.org/inherits/-/inherits-2.0.1.tgz",
                          "from": "https://registry.npmjs.org/inherits/-/inherits-2.0.1.tgz"
                        },
                        "isarray": {
                          "version": "1.0.0",
                          "resolved": "https://registry.npmjs.org/isarray/-/isarray-1.0.0.tgz",
                          "from": "https://registry.npmjs.org/isarray/-/isarray-1.0.0.tgz"
                        },
                        "process-nextick-args": {
                          "version": "1.0.6",
                          "resolved": "https://registry.npmjs.org/process-nextick-args/-/process-nextick-args-1.0.6.tgz",
                          "from": "https://registry.npmjs.org/process-nextick-args/-/process-nextick-args-1.0.6.tgz"
                        },
                        "string_decoder": {
                          "version": "0.10.31",
                          "resolved": "https://registry.npmjs.org/string_decoder/-/string_decoder-0.10.31.tgz",
                          "from": "https://registry.npmjs.org/string_decoder/-/string_decoder-0.10.31.tgz"
                        },
                        "util-deprecate": {
                          "version": "1.0.2",
                          "resolved": "https://registry.npmjs.org/util-deprecate/-/util-deprecate-1.0.2.tgz",
                          "from": "https://registry.npmjs.org/util-deprecate/-/util-deprecate-1.0.2.tgz"
                        }
                      }
                    }
                  }
                },
                "caseless": {
                  "version": "0.11.0",
                  "resolved": "https://registry.npmjs.org/caseless/-/caseless-0.11.0.tgz",
                  "from": "https://registry.npmjs.org/caseless/-/caseless-0.11.0.tgz"
                },
                "combined-stream": {
                  "version": "1.0.5",
                  "resolved": "https://registry.npmjs.org/combined-stream/-/combined-stream-1.0.5.tgz",
                  "from": "https://registry.npmjs.org/combined-stream/-/combined-stream-1.0.5.tgz",
                  "dependencies": {
                    "delayed-stream": {
                      "version": "1.0.0",
                      "resolved": "https://registry.npmjs.org/delayed-stream/-/delayed-stream-1.0.0.tgz",
                      "from": "https://registry.npmjs.org/delayed-stream/-/delayed-stream-1.0.0.tgz"
                    }
                  }
                },
                "extend": {
                  "version": "3.0.0",
                  "resolved": "https://registry.npmjs.org/extend/-/extend-3.0.0.tgz",
                  "from": "https://registry.npmjs.org/extend/-/extend-3.0.0.tgz"
                },
                "forever-agent": {
                  "version": "0.6.1",
                  "resolved": "https://registry.npmjs.org/forever-agent/-/forever-agent-0.6.1.tgz",
                  "from": "https://registry.npmjs.org/forever-agent/-/forever-agent-0.6.1.tgz"
                },
                "form-data": {
                  "version": "1.0.0-rc4",
                  "resolved": "https://registry.npmjs.org/form-data/-/form-data-1.0.0-rc4.tgz",
                  "from": "https://registry.npmjs.org/form-data/-/form-data-1.0.0-rc4.tgz",
                  "dependencies": {
                    "async": {
                      "version": "1.5.2",
                      "resolved": "https://registry.npmjs.org/async/-/async-1.5.2.tgz",
                      "from": "https://registry.npmjs.org/async/-/async-1.5.2.tgz"
                    }
                  }
                },
                "har-validator": {
                  "version": "2.0.6",
                  "resolved": "https://registry.npmjs.org/har-validator/-/har-validator-2.0.6.tgz",
                  "from": "https://registry.npmjs.org/har-validator/-/har-validator-2.0.6.tgz",
                  "dependencies": {
                    "chalk": {
                      "version": "1.1.3",
                      "resolved": "https://registry.npmjs.org/chalk/-/chalk-1.1.3.tgz",
                      "from": "https://registry.npmjs.org/chalk/-/chalk-1.1.3.tgz",
                      "dependencies": {
                        "ansi-styles": {
                          "version": "2.2.1",
                          "resolved": "https://registry.npmjs.org/ansi-styles/-/ansi-styles-2.2.1.tgz",
                          "from": "https://registry.npmjs.org/ansi-styles/-/ansi-styles-2.2.1.tgz"
                        },
                        "escape-string-regexp": {
                          "version": "1.0.5",
                          "resolved": "https://registry.npmjs.org/escape-string-regexp/-/escape-string-regexp-1.0.5.tgz",
                          "from": "https://registry.npmjs.org/escape-string-regexp/-/escape-string-regexp-1.0.5.tgz"
                        },
                        "has-ansi": {
                          "version": "2.0.0",
                          "resolved": "https://registry.npmjs.org/has-ansi/-/has-ansi-2.0.0.tgz",
                          "from": "https://registry.npmjs.org/has-ansi/-/has-ansi-2.0.0.tgz",
                          "dependencies": {
                            "ansi-regex": {
                              "version": "2.0.0",
                              "resolved": "https://registry.npmjs.org/ansi-regex/-/ansi-regex-2.0.0.tgz",
                              "from": "https://registry.npmjs.org/ansi-regex/-/ansi-regex-2.0.0.tgz"
                            }
                          }
                        },
                        "strip-ansi": {
                          "version": "3.0.1",
                          "resolved": "https://registry.npmjs.org/strip-ansi/-/strip-ansi-3.0.1.tgz",
                          "from": "https://registry.npmjs.org/strip-ansi/-/strip-ansi-3.0.1.tgz",
                          "dependencies": {
                            "ansi-regex": {
                              "version": "2.0.0",
                              "resolved": "https://registry.npmjs.org/ansi-regex/-/ansi-regex-2.0.0.tgz",
                              "from": "https://registry.npmjs.org/ansi-regex/-/ansi-regex-2.0.0.tgz"
                            }
                          }
                        },
                        "supports-color": {
                          "version": "2.0.0",
                          "resolved": "https://registry.npmjs.org/supports-color/-/supports-color-2.0.0.tgz",
                          "from": "https://registry.npmjs.org/supports-color/-/supports-color-2.0.0.tgz"
                        }
                      }
                    },
                    "commander": {
                      "version": "2.9.0",
                      "resolved": "https://registry.npmjs.org/commander/-/commander-2.9.0.tgz",
                      "from": "https://registry.npmjs.org/commander/-/commander-2.9.0.tgz",
                      "dependencies": {
                        "graceful-readlink": {
                          "version": "1.0.1",
                          "resolved": "https://registry.npmjs.org/graceful-readlink/-/graceful-readlink-1.0.1.tgz",
                          "from": "https://registry.npmjs.org/graceful-readlink/-/graceful-readlink-1.0.1.tgz"
                        }
                      }
                    },
                    "is-my-json-valid": {
                      "version": "2.13.1",
                      "resolved": "https://registry.npmjs.org/is-my-json-valid/-/is-my-json-valid-2.13.1.tgz",
                      "from": "https://registry.npmjs.org/is-my-json-valid/-/is-my-json-valid-2.13.1.tgz",
                      "dependencies": {
                        "generate-function": {
                          "version": "2.0.0",
                          "resolved": "https://registry.npmjs.org/generate-function/-/generate-function-2.0.0.tgz",
                          "from": "https://registry.npmjs.org/generate-function/-/generate-function-2.0.0.tgz"
                        },
                        "generate-object-property": {
                          "version": "1.2.0",
                          "resolved": "https://registry.npmjs.org/generate-object-property/-/generate-object-property-1.2.0.tgz",
                          "from": "https://registry.npmjs.org/generate-object-property/-/generate-object-property-1.2.0.tgz",
                          "dependencies": {
                            "is-property": {
                              "version": "1.0.2",
                              "resolved": "https://registry.npmjs.org/is-property/-/is-property-1.0.2.tgz",
                              "from": "https://registry.npmjs.org/is-property/-/is-property-1.0.2.tgz"
                            }
                          }
                        },
                        "jsonpointer": {
                          "version": "2.0.0",
                          "resolved": "https://registry.npmjs.org/jsonpointer/-/jsonpointer-2.0.0.tgz",
                          "from": "https://registry.npmjs.org/jsonpointer/-/jsonpointer-2.0.0.tgz"
                        },
                        "xtend": {
                          "version": "4.0.1",
                          "resolved": "https://registry.npmjs.org/xtend/-/xtend-4.0.1.tgz",
                          "from": "https://registry.npmjs.org/xtend/-/xtend-4.0.1.tgz"
                        }
                      }
                    },
                    "pinkie-promise": {
                      "version": "2.0.0",
                      "resolved": "https://registry.npmjs.org/pinkie-promise/-/pinkie-promise-2.0.0.tgz",
                      "from": "https://registry.npmjs.org/pinkie-promise/-/pinkie-promise-2.0.0.tgz",
                      "dependencies": {
                        "pinkie": {
                          "version": "2.0.4",
                          "resolved": "https://registry.npmjs.org/pinkie/-/pinkie-2.0.4.tgz",
                          "from": "https://registry.npmjs.org/pinkie/-/pinkie-2.0.4.tgz"
                        }
                      }
                    }
                  }
                },
                "hawk": {
                  "version": "3.1.3",
                  "resolved": "https://registry.npmjs.org/hawk/-/hawk-3.1.3.tgz",
                  "from": "https://registry.npmjs.org/hawk/-/hawk-3.1.3.tgz",
                  "dependencies": {
                    "boom": {
                      "version": "2.10.1",
                      "resolved": "https://registry.npmjs.org/boom/-/boom-2.10.1.tgz",
                      "from": "https://registry.npmjs.org/boom/-/boom-2.10.1.tgz"
                    },
                    "cryptiles": {
                      "version": "2.0.5",
                      "resolved": "https://registry.npmjs.org/cryptiles/-/cryptiles-2.0.5.tgz",
                      "from": "https://registry.npmjs.org/cryptiles/-/cryptiles-2.0.5.tgz"
                    },
                    "hoek": {
                      "version": "2.16.3",
                      "resolved": "https://registry.npmjs.org/hoek/-/hoek-2.16.3.tgz",
                      "from": "https://registry.npmjs.org/hoek/-/hoek-2.16.3.tgz"
                    },
                    "sntp": {
                      "version": "1.0.9",
                      "resolved": "https://registry.npmjs.org/sntp/-/sntp-1.0.9.tgz",
                      "from": "https://registry.npmjs.org/sntp/-/sntp-1.0.9.tgz"
                    }
                  }
                },
                "http-signature": {
                  "version": "1.1.1",
                  "resolved": "https://registry.npmjs.org/http-signature/-/http-signature-1.1.1.tgz",
                  "from": "https://registry.npmjs.org/http-signature/-/http-signature-1.1.1.tgz",
                  "dependencies": {
                    "assert-plus": {
                      "version": "0.2.0",
                      "resolved": "https://registry.npmjs.org/assert-plus/-/assert-plus-0.2.0.tgz",
                      "from": "https://registry.npmjs.org/assert-plus/-/assert-plus-0.2.0.tgz"
                    },
                    "jsprim": {
                      "version": "1.2.2",
                      "resolved": "https://registry.npmjs.org/jsprim/-/jsprim-1.2.2.tgz",
                      "from": "https://registry.npmjs.org/jsprim/-/jsprim-1.2.2.tgz",
                      "dependencies": {
                        "extsprintf": {
                          "version": "1.0.2",
                          "resolved": "https://registry.npmjs.org/extsprintf/-/extsprintf-1.0.2.tgz",
                          "from": "https://registry.npmjs.org/extsprintf/-/extsprintf-1.0.2.tgz"
                        },
                        "json-schema": {
                          "version": "0.2.2",
                          "resolved": "https://registry.npmjs.org/json-schema/-/json-schema-0.2.2.tgz",
                          "from": "https://registry.npmjs.org/json-schema/-/json-schema-0.2.2.tgz"
                        },
                        "verror": {
                          "version": "1.3.6",
                          "resolved": "https://registry.npmjs.org/verror/-/verror-1.3.6.tgz",
                          "from": "https://registry.npmjs.org/verror/-/verror-1.3.6.tgz"
                        }
                      }
                    },
                    "sshpk": {
                      "version": "1.7.4",
                      "resolved": "https://registry.npmjs.org/sshpk/-/sshpk-1.7.4.tgz",
                      "from": "https://registry.npmjs.org/sshpk/-/sshpk-1.7.4.tgz",
                      "dependencies": {
                        "asn1": {
                          "version": "0.2.3",
                          "resolved": "https://registry.npmjs.org/asn1/-/asn1-0.2.3.tgz",
                          "from": "https://registry.npmjs.org/asn1/-/asn1-0.2.3.tgz"
                        },
                        "dashdash": {
                          "version": "1.13.0",
                          "resolved": "https://registry.npmjs.org/dashdash/-/dashdash-1.13.0.tgz",
                          "from": "https://registry.npmjs.org/dashdash/-/dashdash-1.13.0.tgz",
                          "dependencies": {
                            "assert-plus": {
                              "version": "1.0.0",
                              "resolved": "https://registry.npmjs.org/assert-plus/-/assert-plus-1.0.0.tgz",
                              "from": "https://registry.npmjs.org/assert-plus/-/assert-plus-1.0.0.tgz"
                            }
                          }
                        },
                        "ecc-jsbn": {
                          "version": "0.1.1",
                          "resolved": "https://registry.npmjs.org/ecc-jsbn/-/ecc-jsbn-0.1.1.tgz",
                          "from": "https://registry.npmjs.org/ecc-jsbn/-/ecc-jsbn-0.1.1.tgz"
                        },
                        "jodid25519": {
                          "version": "1.0.2",
                          "resolved": "https://registry.npmjs.org/jodid25519/-/jodid25519-1.0.2.tgz",
                          "from": "https://registry.npmjs.org/jodid25519/-/jodid25519-1.0.2.tgz"
                        },
                        "jsbn": {
                          "version": "0.1.0",
                          "resolved": "https://registry.npmjs.org/jsbn/-/jsbn-0.1.0.tgz",
                          "from": "https://registry.npmjs.org/jsbn/-/jsbn-0.1.0.tgz"
                        },
                        "tweetnacl": {
                          "version": "0.14.3",
                          "resolved": "https://registry.npmjs.org/tweetnacl/-/tweetnacl-0.14.3.tgz",
                          "from": "https://registry.npmjs.org/tweetnacl/-/tweetnacl-0.14.3.tgz"
                        }
                      }
                    }
                  }
                },
                "is-typedarray": {
                  "version": "1.0.0",
                  "resolved": "https://registry.npmjs.org/is-typedarray/-/is-typedarray-1.0.0.tgz",
                  "from": "https://registry.npmjs.org/is-typedarray/-/is-typedarray-1.0.0.tgz"
                },
                "isstream": {
                  "version": "0.1.2",
                  "resolved": "https://registry.npmjs.org/isstream/-/isstream-0.1.2.tgz",
                  "from": "https://registry.npmjs.org/isstream/-/isstream-0.1.2.tgz"
                },
                "mime-types": {
                  "version": "2.1.10",
                  "resolved": "https://registry.npmjs.org/mime-types/-/mime-types-2.1.10.tgz",
                  "from": "https://registry.npmjs.org/mime-types/-/mime-types-2.1.10.tgz",
                  "dependencies": {
                    "mime-db": {
                      "version": "1.22.0",
                      "resolved": "https://registry.npmjs.org/mime-db/-/mime-db-1.22.0.tgz",
                      "from": "https://registry.npmjs.org/mime-db/-/mime-db-1.22.0.tgz"
                    }
                  }
                },
                "node-uuid": {
                  "version": "1.4.7",
                  "resolved": "https://registry.npmjs.org/node-uuid/-/node-uuid-1.4.7.tgz",
                  "from": "https://registry.npmjs.org/node-uuid/-/node-uuid-1.4.7.tgz"
                },
                "oauth-sign": {
                  "version": "0.8.1",
                  "resolved": "https://registry.npmjs.org/oauth-sign/-/oauth-sign-0.8.1.tgz",
                  "from": "https://registry.npmjs.org/oauth-sign/-/oauth-sign-0.8.1.tgz"
                },
                "qs": {
                  "version": "5.2.0",
                  "resolved": "https://registry.npmjs.org/qs/-/qs-5.2.0.tgz",
                  "from": "https://registry.npmjs.org/qs/-/qs-5.2.0.tgz"
                },
                "stringstream": {
                  "version": "0.0.5",
                  "resolved": "https://registry.npmjs.org/stringstream/-/stringstream-0.0.5.tgz",
                  "from": "https://registry.npmjs.org/stringstream/-/stringstream-0.0.5.tgz"
                },
                "tough-cookie": {
                  "version": "2.2.2",
                  "resolved": "https://registry.npmjs.org/tough-cookie/-/tough-cookie-2.2.2.tgz",
                  "from": "https://registry.npmjs.org/tough-cookie/-/tough-cookie-2.2.2.tgz"
                },
                "tunnel-agent": {
                  "version": "0.4.2",
                  "resolved": "https://registry.npmjs.org/tunnel-agent/-/tunnel-agent-0.4.2.tgz",
                  "from": "https://registry.npmjs.org/tunnel-agent/-/tunnel-agent-0.4.2.tgz"
                }
              }
            },
            "timespan": {
              "version": "2.3.0",
              "resolved": "https://registry.npmjs.org/timespan/-/timespan-2.3.0.tgz",
              "from": "https://registry.npmjs.org/timespan/-/timespan-2.3.0.tgz"
            }
          }
        }
      }
    }
  }
}
