{
  "dependencies": {
    "lodash.merge": {
      "version": "4.3.2",
      "dependencies": {
        "lodash._baseclone": {
          "version": "4.5.3"
        },
        "lodash._stack": {
          "version": "4.1.1"
        },
        "lodash.isplainobject": {
          "version": "4.0.3"
        },
        "lodash.keysin": {
          "version": "4.1.3"
        },
        "lodash.rest": {
          "version": "4.0.1"
        }
      }
    },
    "node-geocoder": {
      "version": "3.0.0",
      "dependencies": {
        "q": {
          "version": "1.4.1"
        }
      }
    }
  }
}
