{
  "dependencies": {
    "colors": {
      "version": "0.6.2"
    },
    "node-phantom": {
      "version": "https://github.com/apdmatos/node-phantom/tarball/2ccadc1d24efc47ace9ccfee187a0689c78e9009",
      "dependencies": {
        "socket.io": {
          "version": "0.9.17",
          "dependencies": {
            "socket.io-client": {
              "version": "0.9.16",
              "dependencies": {
                "uglify-js": {
                  "version": "1.2.5"
                },
                "ws": {
                  "version": "0.4.31",
                  "dependencies": {
                    "commander": {
                      "version": "0.6.1"
                    },
                    "nan": {
                      "version": "0.3.2"
                    },
                    "tinycolor": {
                      "version": "0.0.1"
                    },
                    "options": {
                      "version": "0.0.5"
                    }
                  }
                },
                "xmlhttprequest": {
                  "version": "1.4.2"
                },
                "active-x-obfuscator": {
                  "version": "0.0.1",
                  "dependencies": {
                    "zeparser": {
                      "version": "0.0.5"
                    }
                  }
                }
              }
            },
            "policyfile": {
              "version": "0.0.4"
            },
            "base64id": {
              "version": "0.1.0"
            },
            "redis": {
              "version": "0.7.3"
            }
          }
        }
      }
    },
    "phantomjs": {
      "version": "1.9.7-15",
      "dependencies": {
        "adm-zip": {
          "version": "0.2.1"
        },
        "kew": {
          "version": "0.1.7"
        },
        "ncp": {
          "version": "0.4.2"
        },
        "npmconf": {
          "version": "0.0.24",
          "dependencies": {
            "config-chain": {
              "version": "1.1.8",
              "dependencies": {
                "proto-list": {
                  "version": "1.2.3"
                }
              }
            },
            "inherits": {
              "version": "1.0.0"
            },
            "once": {
              "version": "1.1.1"
            },
            "osenv": {
              "version": "0.0.3"
            },
            "nopt": {
              "version": "2.2.1",
              "dependencies": {
                "abbrev": {
                  "version": "1.0.5"
                }
              }
            },
            "semver": {
              "version": "1.1.4"
            },
            "ini": {
              "version": "1.1.0"
            }
          }
        },
        "mkdirp": {
          "version": "0.3.5"
        },
        "progress": {
          "version": "1.1.7"
        },
        "request": {
          "version": "2.36.0",
          "dependencies": {
            "qs": {
              "version": "0.6.6"
            },
            "json-stringify-safe": {
              "version": "5.0.0"
            },
            "mime": {
              "version": "1.2.11"
            },
            "forever-agent": {
              "version": "0.5.2"
            },
            "node-uuid": {
              "version": "1.4.1"
            },
            "tough-cookie": {
              "version": "0.12.1",
              "dependencies": {
                "punycode": {
                  "version": "1.3.0"
                }
              }
            },
            "form-data": {
              "version": "0.1.4",
              "dependencies": {
                "combined-stream": {
                  "version": "0.0.5",
                  "dependencies": {
                    "delayed-stream": {
                      "version": "0.0.5"
                    }
                  }
                },
                "async": {
                  "version": "0.9.0"
                }
              }
            },
            "tunnel-agent": {
              "version": "0.4.0"
            },
            "http-signature": {
              "version": "0.10.0",
              "dependencies": {
                "assert-plus": {
                  "version": "0.1.2"
                },
                "asn1": {
                  "version": "0.1.11"
                },
                "ctype": {
                  "version": "0.5.2"
                }
              }
            },
            "oauth-sign": {
              "version": "0.3.0"
            },
            "hawk": {
              "version": "1.0.0",
              "dependencies": {
                "hoek": {
                  "version": "0.9.1"
                },
                "boom": {
                  "version": "0.4.2"
                },
                "cryptiles": {
                  "version": "0.2.2"
                },
                "sntp": {
                  "version": "0.2.4"
                }
              }
            },
            "aws-sign2": {
              "version": "0.5.0"
            }
          }
        },
        "request-progress": {
          "version": "0.3.1",
          "dependencies": {
            "throttleit": {
              "version": "0.0.2"
            }
          }
        },
        "rimraf": {
          "version": "2.2.8"
        },
        "which": {
          "version": "1.0.5"
        }
      }
    }
  }
}
