{
  "dependencies": {
    "accounting": {
      "version": "0.4.1",
      "resolved": "https://registry.npmjs.org/accounting/-/accounting-0.4.1.tgz",
      "from": "https://registry.npmjs.org/accounting/-/accounting-0.4.1.tgz"
    },
    "autosize": {
      "version": "3.0.15",
      "resolved": "https://registry.npmjs.org/autosize/-/autosize-3.0.15.tgz",
      "from": "https://registry.npmjs.org/autosize/-/autosize-3.0.15.tgz"
    },
    "draggabilly": {
      "version": "1.2.0",
      "resolved": "https://registry.npmjs.org/draggabilly/-/draggabilly-1.2.0.tgz",
      "from": "https://registry.npmjs.org/draggabilly/-/draggabilly-1.2.0.tgz",
      "dependencies": {
        "desandro-classie": {
          "version": "1.0.1",
          "resolved": "https://registry.npmjs.org/desandro-classie/-/desandro-classie-1.0.1.tgz",
          "from": "https://registry.npmjs.org/desandro-classie/-/desandro-classie-1.0.1.tgz"
        },
        "desandro-get-style-property": {
          "version": "1.0.4",
          "resolved": "https://registry.npmjs.org/desandro-get-style-property/-/desandro-get-style-property-1.0.4.tgz",
          "from": "https://registry.npmjs.org/desandro-get-style-property/-/desandro-get-style-property-1.0.4.tgz"
        },
        "get-size": {
          "version": "1.2.2",
          "resolved": "https://registry.npmjs.org/get-size/-/get-size-1.2.2.tgz",
          "from": "https://registry.npmjs.org/get-size/-/get-size-1.2.2.tgz"
        },
        "unidragger": {
          "version": "1.1.5",
          "resolved": "https://registry.npmjs.org/unidragger/-/unidragger-1.1.5.tgz",
          "from": "https://registry.npmjs.org/unidragger/-/unidragger-1.1.5.tgz",
          "dependencies": {
            "eventie": {
              "version": "1.0.6",
              "resolved": "https://registry.npmjs.org/eventie/-/eventie-1.0.6.tgz",
              "from": "https://registry.npmjs.org/eventie/-/eventie-1.0.6.tgz"
            },
            "unipointer": {
              "version": "1.1.0",
              "resolved": "https://registry.npmjs.org/unipointer/-/unipointer-1.1.0.tgz",
              "from": "https://registry.npmjs.org/unipointer/-/unipointer-1.1.0.tgz",
              "dependencies": {
                "wolfy87-eventemitter": {
                  "version": "4.2.11",
                  "resolved": "https://registry.npmjs.org/wolfy87-eventemitter/-/wolfy87-eventemitter-4.2.11.tgz",
                  "from": "https://registry.npmjs.org/wolfy87-eventemitter/-/wolfy87-eventemitter-4.2.11.tgz"
                }
              }
            }
          }
        },
        "wolfy87-eventemitter": {
          "version": "4.3.0",
          "resolved": "https://registry.npmjs.org/wolfy87-eventemitter/-/wolfy87-eventemitter-4.3.0.tgz",
          "from": "https://registry.npmjs.org/wolfy87-eventemitter/-/wolfy87-eventemitter-4.3.0.tgz"
        }
      }
    },
    "imagesloaded": {
      "version": "4.1.0",
      "resolved": "https://registry.npmjs.org/imagesloaded/-/imagesloaded-4.1.0.tgz",
      "from": "https://registry.npmjs.org/imagesloaded/-/imagesloaded-4.1.0.tgz",
      "dependencies": {
        "ev-emitter": {
          "version": "1.0.2",
          "resolved": "https://registry.npmjs.org/ev-emitter/-/ev-emitter-1.0.2.tgz",
          "from": "https://registry.npmjs.org/ev-emitter/-/ev-emitter-1.0.2.tgz"
        }
      }
    },
    "jquery": {
      "version": "2.2.3",
      "resolved": "https://registry.npmjs.org/jquery/-/jquery-2.2.3.tgz",
      "from": "https://registry.npmjs.org/jquery/-/jquery-2.2.3.tgz"
    },
    "jquery-tags-input": {
      "version": "1.3.5",
      "resolved": "https://registry.npmjs.org/jquery-tags-input/-/jquery-tags-input-1.3.5.tgz",
      "from": "https://registry.npmjs.org/jquery-tags-input/-/jquery-tags-input-1.3.5.tgz"
    },
    "jquery-ui": {
      "version": "1.10.5",
      "resolved": "https://registry.npmjs.org/jquery-ui/-/jquery-ui-1.10.5.tgz",
      "from": "https://registry.npmjs.org/jquery-ui/-/jquery-ui-1.10.5.tgz"
    },
    "jquery.payment": {
      "version": "1.2.4",
      "resolved": "https://registry.npmjs.org/jquery.payment/-/jquery.payment-1.2.4.tgz",
      "from": "https://registry.npmjs.org/jquery.payment/-/jquery.payment-1.2.4.tgz"
    },
    "money": {
      "version": "0.2.0",
      "resolved": "https://registry.npmjs.org/money/-/money-0.2.0.tgz",
      "from": "https://registry.npmjs.org/money/-/money-0.2.0.tgz"
    }
  }
}
