{
  "dependencies": {
    "autoprefixer": {
      "version": "6.3.1",
      "dependencies": {
        "postcss-value-parser": {
          "version": "3.2.3"
        },
        "normalize-range": {
          "version": "0.1.2"
        },
        "num2fraction": {
          "version": "1.2.2"
        },
        "browserslist": {
          "version": "1.1.2"
        },
        "caniuse-db": {
          "version": "1.0.30000409"
        }
      }
    },
    "classnames": {
      "version": "2.2.3"
    },
    "css-annotation": {
      "version": "0.6.2"
    },
    "postcss": {
      "version": "5.0.14",
      "dependencies": {
        "supports-color": {
          "version": "3.1.2",
          "dependencies": {
            "has-flag": {
              "version": "1.0.0"
            }
          }
        },
        "source-map": {
          "version": "0.5.3"
        },
        "js-base64": {
          "version": "2.1.9"
        }
      }
    },
    "postcss-js": {
      "version": "0.1.1",
      "dependencies": {
        "camelcase-css": {
          "version": "1.0.0"
        }
      }
    },
    "react": {
      "version": "0.14.7",
      "dependencies": {
        "envify": {
          "version": "3.4.0",
          "dependencies": {
            "through": {
              "version": "2.3.8"
            },
            "jstransform": {
              "version": "10.1.0",
              "dependencies": {
                "base62": {
                  "version": "0.1.1"
                },
                "esprima-fb": {
                  "version": "13001.1001.0-dev-harmony-fb"
                },
                "source-map": {
                  "version": "0.1.31",
                  "dependencies": {
                    "amdefine": {
                      "version": "1.0.0"
                    }
                  }
                }
              }
            }
          }
        },
        "fbjs": {
          "version": "0.6.1",
          "dependencies": {
            "core-js": {
              "version": "1.2.6"
            },
            "loose-envify": {
              "version": "1.1.0",
              "dependencies": {
                "js-tokens": {
                  "version": "1.0.2"
                }
              }
            },
            "promise": {
              "version": "7.1.1",
              "dependencies": {
                "asap": {
                  "version": "2.0.3"
                }
              }
            },
            "ua-parser-js": {
              "version": "0.7.10"
            },
            "whatwg-fetch": {
              "version": "0.9.0"
            }
          }
        }
      }
    },
    "react-color": {
      "version": "1.3.6",
      "dependencies": {
        "lodash": {
          "version": "4.3.0"
        },
        "lodash.debounce": {
          "version": "4.0.1"
        },
        "lodash.isplainobject": {
          "version": "4.0.1"
        },
        "lodash.throttle": {
          "version": "4.0.0"
        },
        "material-colors": {
          "version": "1.0.0"
        },
        "merge": {
          "version": "1.2.0"
        },
        "reactcss": {
          "version": "0.3.2",
          "dependencies": {
            "lodash": {
              "version": "3.10.1"
            }
          }
        },
        "tinycolor2": {
          "version": "1.3.0"
        }
      }
    },
    "react-dom": {
      "version": "0.14.7"
    },
    "react-textarea-autosize": {
      "version": "3.3.0"
    },
    "sortablejs": {
      "version": "1.4.2"
    },
    "tether-drop": {
      "version": "1.4.2",
      "dependencies": {
        "tether": {
          "version": "1.1.1"
        }
      }
    },
    "tether-tooltip": {
      "version": "1.2.0",
      "dependencies": {
        "tether": {
          "version": "1.1.1"
        }
      }
    }
  }
}
