{
  "dependencies": {
    "classnames": {
      "version": "2.2.0"
    },
    "react": {
      "version": "0.14.6",
      "dependencies": {
        "envify": {
          "version": "3.4.0",
          "dependencies": {
            "through": {
              "version": "2.3.8"
            },
            "jstransform": {
              "version": "10.1.0",
              "dependencies": {
                "base62": {
                  "version": "0.1.1"
                },
                "esprima-fb": {
                  "version": "13001.1001.0-dev-harmony-fb"
                },
                "source-map": {
                  "version": "0.1.31",
                  "dependencies": {
                    "amdefine": {
                      "version": "1.0.0"
                    }
                  }
                }
              }
            }
          }
        },
        "fbjs": {
          "version": "0.6.1",
          "dependencies": {
            "core-js": {
              "version": "1.2.6"
            },
            "loose-envify": {
              "version": "1.1.0",
              "dependencies": {
                "js-tokens": {
                  "version": "1.0.2"
                }
              }
            },
            "promise": {
              "version": "7.1.1",
              "dependencies": {
                "asap": {
                  "version": "2.0.3"
                }
              }
            },
            "ua-parser-js": {
              "version": "0.7.10"
            },
            "whatwg-fetch": {
              "version": "0.9.0"
            }
          }
        }
      }
    },
    "react-dom": {
      "version": "0.14.1",
      "dependencies": {
        "react": {
          "version": "0.14.3",
          "dependencies": {
            "envify": {
              "version": "3.4.0",
              "dependencies": {
                "through": {
                  "version": "2.3.8"
                },
                "jstransform": {
                  "version": "10.1.0",
                  "dependencies": {
                    "base62": {
                      "version": "0.1.1"
                    },
                    "esprima-fb": {
                      "version": "13001.1001.0-dev-harmony-fb"
                    },
                    "source-map": {
                      "version": "0.1.31",
                      "dependencies": {
                        "amdefine": {
                          "version": "1.0.0"
                        }
                      }
                    }
                  }
                }
              }
            },
            "fbjs": {
              "version": "0.3.2",
              "dependencies": {
                "core-js": {
                  "version": "1.2.6"
                },
                "loose-envify": {
                  "version": "1.1.0",
                  "dependencies": {
                    "js-tokens": {
                      "version": "1.0.2"
                    }
                  }
                },
                "promise": {
                  "version": "7.0.4",
                  "dependencies": {
                    "asap": {
                      "version": "2.0.3"
                    }
                  }
                },
                "ua-parser-js": {
                  "version": "0.7.9"
                },
                "whatwg-fetch": {
                  "version": "0.9.0"
                }
              }
            }
          }
        }
      }
    },
    "react-textarea-autosize": {
      "version": "3.1.0"
    },
    "sortablejs": {
      "version": "1.4.2"
    }
  }
}
